
Microsoft Visual Studio Solution File, Format Version 12.00
# Visual Studio Version 16
VisualStudioVersion = 16.0.33927.289
MinimumVisualStudioVersion = 10.0.40219.1
Project("{8BC9CEB8-8B4A-11D0-8D11-00A0C91BC942}") = "Tyuiu.TolmachevVV.Sprint1.Task0.V1-5", "Tyuiu.TolmachevVV.Sprint1.Task1.V1-5\Tyuiu.TolmachevVV.Sprint1.Task1.V1-5.vcxproj", "{BA999618-3D9F-4123-B3C5-E7088D73AABF}"
EndProject
Project("{2150E333-8FDC-42A3-9474-1A3956D46DE8}") = "Task0", "Task0", "{3DDCA9BA-37C7-4DBE-A147-D1E62F6D1C0F}"
EndProject
Project("{8BC9CEB8-8B4A-11D0-8D11-00A0C91BC942}") = "Tyuiu.TolmachevVV.Sprint1.Task0.V1-5.Lib", "Tyuiu.TolmachevVV.Sprint1.Task1.V1-5.Lib\Tyuiu.TolmachevVV.Sprint1.Task1.V1-5.Lib.vcxproj", "{D208CD22-F462-4E47-B41B-FA6C6044CD79}"
EndProject
Project("{8BC9CEB8-8B4A-11D0-8D11-00A0C91BC942}") = "Tyuiu.Cours.cpp", "..\Tyuiu.Cours.cpp\Tyuiu.Cours.cpp.vcxproj", "{71667551-DC89-4E91-B409-EC47AE10CC12}"
EndProject
Project("{2150E333-8FDC-42A3-9474-1A3956D46DE8}") = "Tyuiu.Cours", "Tyuiu.Cours", "{6A76308F-6CBA-403E-AA3D-C270E9534D73}"
EndProject
Project("{8BC9CEB8-8B4A-11D0-8D11-00A0C91BC942}") = "Tyuiu.TolmachevVV.Sprint1.Task0.V1-5.Tests", "Tyuiu.TolmachevVV.Sprint1.Task0.V1-5.Tests\Tyuiu.TolmachevVV.Sprint1.Task0.V1-5.Tests.vcxproj", "{32D6738A-8A13-4A26-A4EE-F5E91E768323}"
EndProject
Project("{2150E333-8FDC-42A3-9474-1A3956D46DE8}") = "Task1", "Task1", "{72449F45-9377-4672-B28D-2914FDFFF03A}"
EndProject
Project("{8BC9CEB8-8B4A-11D0-8D11-00A0C91BC942}") = "Tyuiu.TolmachevVV.Sprint1.Task1.V1to5", "Tyuiu.TolmachevVV.Sprint1.Task1.V1to5\Tyuiu.TolmachevVV.Sprint1.Task1.V1to5.vcxproj", "{AD2A46C4-A29A-4DD8-827F-F11112100ECA}"
EndProject
Project("{8BC9CEB8-8B4A-11D0-8D11-00A0C91BC942}") = "Tyuiu.TolmachevVV.Sprint1.Task1.V1to5.Lib", "Tyuiu.TolmachevVV.Sprint1.Task1.V1to5.Lib\Tyuiu.TolmachevVV.Sprint1.Task1.V1to5.Lib.vcxproj", "{916530E9-CCC4-4AF6-8C0B-1CC0B6DEDC8A}"
EndProject
Project("{8BC9CEB8-8B4A-11D0-8D11-00A0C91BC942}") = "Tyuiu.TolmachevVV.Sprint1.Task1.V1to5.Tests", "Tyuiu.TolmachevVV.Sprint1.Task1.V1to5.Tests\Tyuiu.TolmachevVV.Sprint1.Task1.V1to5.Tests.vcxproj", "{31C15DD3-5267-4798-860E-E64B363EAB55}"
EndProject
Project("{2150E333-8FDC-42A3-9474-1A3956D46DE8}") = "Task2", "Task2", "{4B149A97-B42F-45BB-A714-68F6B9D4941F}"
EndProject
Project("{8BC9CEB8-8B4A-11D0-8D11-00A0C91BC942}") = "Tyuiu.TolmachevVV.Sprint1.Task2.V1-5", "Tyuiu.TolmachevVV.Sprint1.Task2.V1-5\Tyuiu.TolmachevVV.Sprint1.Task2.V1-5.vcxproj", "{8CD23F6F-29DB-452F-9AB0-6B598A511954}"
EndProject
Project("{8BC9CEB8-8B4A-11D0-8D11-00A0C91BC942}") = "Tyuiu.TolmachevVV.Sprint1.Task2.V1-5.Lib", "Tyuiu.TolmachevVV.Sprint1.Task2.V1-5.Lib\Tyuiu.TolmachevVV.Sprint1.Task2.V1-5.Lib.vcxproj", "{F662A1DB-0E9A-4B22-BC1F-F063212740A3}"
EndProject
Project("{8BC9CEB8-8B4A-11D0-8D11-00A0C91BC942}") = "Tyuiu.TolmachevVV.Sprint1.Task2.V1-5.Test", "Tyuiu.TolmachevVV.Sprint1.Task2.V1-5.Test\Tyuiu.TolmachevVV.Sprint1.Task2.V1-5.Test.vcxproj", "{12FE36A6-6528-42EB-ACDC-79DE50429D03}"
EndProject
Project("{2150E333-8FDC-42A3-9474-1A3956D46DE8}") = "Task3", "Task3", "{64A7DBF3-1BD6-4E2B-9256-4CFE7676DE72}"
EndProject
Project("{8BC9CEB8-8B4A-11D0-8D11-00A0C91BC942}") = "Tyuiu.TolmachevVV.Sprint1.Task3", "Tyuiu.TolmachevVV.Sprint1.Task3\Tyuiu.TolmachevVV.Sprint1.Task3.vcxproj", "{296755EB-8208-4E5F-9C85-E28C0A7B6598}"
EndProject
Project("{8BC9CEB8-8B4A-11D0-8D11-00A0C91BC942}") = "Tyuiu.TolmachevVV.Sprint1.Task3.Lib", "Tyuiu.TolmachevVV.Sprint1.Task3.Lib\Tyuiu.TolmachevVV.Sprint1.Task3.Lib.vcxproj", "{F74BBE37-C32A-43D3-B01B-712807A23C6C}"
EndProject
Project("{8BC9CEB8-8B4A-11D0-8D11-00A0C91BC942}") = "Tyuiu.TolmachevVV.Sprint1.Task3.Test", "Tyuiu.TolmachevVV.Sprint1.Task3.Test\Tyuiu.TolmachevVV.Sprint1.Task3.Test.vcxproj", "{EF4A743A-77B1-4868-9E67-A66622A8D728}"
EndProject
Global
	GlobalSection(SolutionConfigurationPlatforms) = preSolution
		Debug|x64 = Debug|x64
		Debug|x86 = Debug|x86
		Release|x64 = Release|x64
		Release|x86 = Release|x86
	EndGlobalSection
	GlobalSection(ProjectConfigurationPlatforms) = postSolution
		{BA999618-3D9F-4123-B3C5-E7088D73AABF}.Debug|x64.ActiveCfg = Debug|x64
		{BA999618-3D9F-4123-B3C5-E7088D73AABF}.Debug|x64.Build.0 = Debug|x64
		{BA999618-3D9F-4123-B3C5-E7088D73AABF}.Debug|x86.ActiveCfg = Debug|Win32
		{BA999618-3D9F-4123-B3C5-E7088D73AABF}.Debug|x86.Build.0 = Debug|Win32
		{BA999618-3D9F-4123-B3C5-E7088D73AABF}.Release|x64.ActiveCfg = Release|x64
		{BA999618-3D9F-4123-B3C5-E7088D73AABF}.Release|x64.Build.0 = Release|x64
		{BA999618-3D9F-4123-B3C5-E7088D73AABF}.Release|x86.ActiveCfg = Release|Win32
		{BA999618-3D9F-4123-B3C5-E7088D73AABF}.Release|x86.Build.0 = Release|Win32
		{D208CD22-F462-4E47-B41B-FA6C6044CD79}.Debug|x64.ActiveCfg = Debug|x64
		{D208CD22-F462-4E47-B41B-FA6C6044CD79}.Debug|x64.Build.0 = Debug|x64
		{D208CD22-F462-4E47-B41B-FA6C6044CD79}.Debug|x86.ActiveCfg = Debug|Win32
		{D208CD22-F462-4E47-B41B-FA6C6044CD79}.Debug|x86.Build.0 = Debug|Win32
		{D208CD22-F462-4E47-B41B-FA6C6044CD79}.Release|x64.ActiveCfg = Release|x64
		{D208CD22-F462-4E47-B41B-FA6C6044CD79}.Release|x64.Build.0 = Release|x64
		{D208CD22-F462-4E47-B41B-FA6C6044CD79}.Release|x86.ActiveCfg = Release|Win32
		{D208CD22-F462-4E47-B41B-FA6C6044CD79}.Release|x86.Build.0 = Release|Win32
		{71667551-DC89-4E91-B409-EC47AE10CC12}.Debug|x64.ActiveCfg = Debug|x64
		{71667551-DC89-4E91-B409-EC47AE10CC12}.Debug|x64.Build.0 = Debug|x64
		{71667551-DC89-4E91-B409-EC47AE10CC12}.Debug|x86.ActiveCfg = Debug|Win32
		{71667551-DC89-4E91-B409-EC47AE10CC12}.Debug|x86.Build.0 = Debug|Win32
		{71667551-DC89-4E91-B409-EC47AE10CC12}.Release|x64.ActiveCfg = Release|x64
		{71667551-DC89-4E91-B409-EC47AE10CC12}.Release|x64.Build.0 = Release|x64
		{71667551-DC89-4E91-B409-EC47AE10CC12}.Release|x86.ActiveCfg = Release|Win32
		{71667551-DC89-4E91-B409-EC47AE10CC12}.Release|x86.Build.0 = Release|Win32
		{32D6738A-8A13-4A26-A4EE-F5E91E768323}.Debug|x64.ActiveCfg = Debug|x64
		{32D6738A-8A13-4A26-A4EE-F5E91E768323}.Debug|x64.Build.0 = Debug|x64
		{32D6738A-8A13-4A26-A4EE-F5E91E768323}.Debug|x86.ActiveCfg = Debug|Win32
		{32D6738A-8A13-4A26-A4EE-F5E91E768323}.Debug|x86.Build.0 = Debug|Win32
		{32D6738A-8A13-4A26-A4EE-F5E91E768323}.Release|x64.ActiveCfg = Release|x64
		{32D6738A-8A13-4A26-A4EE-F5E91E768323}.Release|x64.Build.0 = Release|x64
		{32D6738A-8A13-4A26-A4EE-F5E91E768323}.Release|x86.ActiveCfg = Release|Win32
		{32D6738A-8A13-4A26-A4EE-F5E91E768323}.Release|x86.Build.0 = Release|Win32
		{AD2A46C4-A29A-4DD8-827F-F11112100ECA}.Debug|x64.ActiveCfg = Debug|x64
		{AD2A46C4-A29A-4DD8-827F-F11112100ECA}.Debug|x64.Build.0 = Debug|x64
		{AD2A46C4-A29A-4DD8-827F-F11112100ECA}.Debug|x86.ActiveCfg = Debug|Win32
		{AD2A46C4-A29A-4DD8-827F-F11112100ECA}.Debug|x86.Build.0 = Debug|Win32
		{AD2A46C4-A29A-4DD8-827F-F11112100ECA}.Release|x64.ActiveCfg = Release|x64
		{AD2A46C4-A29A-4DD8-827F-F11112100ECA}.Release|x64.Build.0 = Release|x64
		{AD2A46C4-A29A-4DD8-827F-F11112100ECA}.Release|x86.ActiveCfg = Release|Win32
		{AD2A46C4-A29A-4DD8-827F-F11112100ECA}.Release|x86.Build.0 = Release|Win32
		{916530E9-CCC4-4AF6-8C0B-1CC0B6DEDC8A}.Debug|x64.ActiveCfg = Debug|x64
		{916530E9-CCC4-4AF6-8C0B-1CC0B6DEDC8A}.Debug|x64.Build.0 = Debug|x64
		{916530E9-CCC4-4AF6-8C0B-1CC0B6DEDC8A}.Debug|x86.ActiveCfg = Debug|Win32
		{916530E9-CCC4-4AF6-8C0B-1CC0B6DEDC8A}.Debug|x86.Build.0 = Debug|Win32
		{916530E9-CCC4-4AF6-8C0B-1CC0B6DEDC8A}.Release|x64.ActiveCfg = Release|x64
		{916530E9-CCC4-4AF6-8C0B-1CC0B6DEDC8A}.Release|x64.Build.0 = Release|x64
		{916530E9-CCC4-4AF6-8C0B-1CC0B6DEDC8A}.Release|x86.ActiveCfg = Release|Win32
		{916530E9-CCC4-4AF6-8C0B-1CC0B6DEDC8A}.Release|x86.Build.0 = Release|Win32
		{31C15DD3-5267-4798-860E-E64B363EAB55}.Debug|x64.ActiveCfg = Debug|x64
		{31C15DD3-5267-4798-860E-E64B363EAB55}.Debug|x64.Build.0 = Debug|x64
		{31C15DD3-5267-4798-860E-E64B363EAB55}.Debug|x86.ActiveCfg = Debug|Win32
		{31C15DD3-5267-4798-860E-E64B363EAB55}.Debug|x86.Build.0 = Debug|Win32
		{31C15DD3-5267-4798-860E-E64B363EAB55}.Release|x64.ActiveCfg = Release|x64
		{31C15DD3-5267-4798-860E-E64B363EAB55}.Release|x64.Build.0 = Release|x64
		{31C15DD3-5267-4798-860E-E64B363EAB55}.Release|x86.ActiveCfg = Release|Win32
		{31C15DD3-5267-4798-860E-E64B363EAB55}.Release|x86.Build.0 = Release|Win32
		{8CD23F6F-29DB-452F-9AB0-6B598A511954}.Debug|x64.ActiveCfg = Debug|x64
		{8CD23F6F-29DB-452F-9AB0-6B598A511954}.Debug|x64.Build.0 = Debug|x64
		{8CD23F6F-29DB-452F-9AB0-6B598A511954}.Debug|x86.ActiveCfg = Debug|Win32
		{8CD23F6F-29DB-452F-9AB0-6B598A511954}.Debug|x86.Build.0 = Debug|Win32
		{8CD23F6F-29DB-452F-9AB0-6B598A511954}.Release|x64.ActiveCfg = Release|x64
		{8CD23F6F-29DB-452F-9AB0-6B598A511954}.Release|x64.Build.0 = Release|x64
		{8CD23F6F-29DB-452F-9AB0-6B598A511954}.Release|x86.ActiveCfg = Release|Win32
		{8CD23F6F-29DB-452F-9AB0-6B598A511954}.Release|x86.Build.0 = Release|Win32
		{F662A1DB-0E9A-4B22-BC1F-F063212740A3}.Debug|x64.ActiveCfg = Debug|x64
		{F662A1DB-0E9A-4B22-BC1F-F063212740A3}.Debug|x64.Build.0 = Debug|x64
		{F662A1DB-0E9A-4B22-BC1F-F063212740A3}.Debug|x86.ActiveCfg = Debug|Win32
		{F662A1DB-0E9A-4B22-BC1F-F063212740A3}.Debug|x86.Build.0 = Debug|Win32
		{F662A1DB-0E9A-4B22-BC1F-F063212740A3}.Release|x64.ActiveCfg = Release|x64
		{F662A1DB-0E9A-4B22-BC1F-F063212740A3}.Release|x64.Build.0 = Release|x64
		{F662A1DB-0E9A-4B22-BC1F-F063212740A3}.Release|x86.ActiveCfg = Release|Win32
		{F662A1DB-0E9A-4B22-BC1F-F063212740A3}.Release|x86.Build.0 = Release|Win32
		{12FE36A6-6528-42EB-ACDC-79DE50429D03}.Debug|x64.ActiveCfg = Debug|x64
		{12FE36A6-6528-42EB-ACDC-79DE50429D03}.Debug|x64.Build.0 = Debug|x64
		{12FE36A6-6528-42EB-ACDC-79DE50429D03}.Debug|x86.ActiveCfg = Debug|Win32
		{12FE36A6-6528-42EB-ACDC-79DE50429D03}.Debug|x86.Build.0 = Debug|Win32
		{12FE36A6-6528-42EB-ACDC-79DE50429D03}.Release|x64.ActiveCfg = Release|x64
		{12FE36A6-6528-42EB-ACDC-79DE50429D03}.Release|x64.Build.0 = Release|x64
		{12FE36A6-6528-42EB-ACDC-79DE50429D03}.Release|x86.ActiveCfg = Release|Win32
		{12FE36A6-6528-42EB-ACDC-79DE50429D03}.Release|x86.Build.0 = Release|Win32
		{296755EB-8208-4E5F-9C85-E28C0A7B6598}.Debug|x64.ActiveCfg = Debug|x64
		{296755EB-8208-4E5F-9C85-E28C0A7B6598}.Debug|x64.Build.0 = Debug|x64
		{296755EB-8208-4E5F-9C85-E28C0A7B6598}.Debug|x86.ActiveCfg = Debug|Win32
		{296755EB-8208-4E5F-9C85-E28C0A7B6598}.Debug|x86.Build.0 = Debug|Win32
		{296755EB-8208-4E5F-9C85-E28C0A7B6598}.Release|x64.ActiveCfg = Release|x64
		{296755EB-8208-4E5F-9C85-E28C0A7B6598}.Release|x64.Build.0 = Release|x64
		{296755EB-8208-4E5F-9C85-E28C0A7B6598}.Release|x86.ActiveCfg = Release|Win32
		{296755EB-8208-4E5F-9C85-E28C0A7B6598}.Release|x86.Build.0 = Release|Win32
		{F74BBE37-C32A-43D3-B01B-712807A23C6C}.Debug|x64.ActiveCfg = Debug|x64
		{F74BBE37-C32A-43D3-B01B-712807A23C6C}.Debug|x64.Build.0 = Debug|x64
		{F74BBE37-C32A-43D3-B01B-712807A23C6C}.Debug|x86.ActiveCfg = Debug|Win32
		{F74BBE37-C32A-43D3-B01B-712807A23C6C}.Debug|x86.Build.0 = Debug|Win32
		{F74BBE37-C32A-43D3-B01B-712807A23C6C}.Release|x64.ActiveCfg = Release|x64
		{F74BBE37-C32A-43D3-B01B-712807A23C6C}.Release|x64.Build.0 = Release|x64
		{F74BBE37-C32A-43D3-B01B-712807A23C6C}.Release|x86.ActiveCfg = Release|Win32
		{F74BBE37-C32A-43D3-B01B-712807A23C6C}.Release|x86.Build.0 = Release|Win32
		{EF4A743A-77B1-4868-9E67-A66622A8D728}.Debug|x64.ActiveCfg = Debug|x64
		{EF4A743A-77B1-4868-9E67-A66622A8D728}.Debug|x64.Build.0 = Debug|x64
		{EF4A743A-77B1-4868-9E67-A66622A8D728}.Debug|x86.ActiveCfg = Debug|Win32
		{EF4A743A-77B1-4868-9E67-A66622A8D728}.Debug|x86.Build.0 = Debug|Win32
		{EF4A743A-77B1-4868-9E67-A66622A8D728}.Release|x64.ActiveCfg = Release|x64
		{EF4A743A-77B1-4868-9E67-A66622A8D728}.Release|x64.Build.0 = Release|x64
		{EF4A743A-77B1-4868-9E67-A66622A8D728}.Release|x86.ActiveCfg = Release|Win32
		{EF4A743A-77B1-4868-9E67-A66622A8D728}.Release|x86.Build.0 = Release|Win32
	EndGlobalSection
	GlobalSection(SolutionProperties) = preSolution
		HideSolutionNode = FALSE
	EndGlobalSection
	GlobalSection(NestedProjects) = preSolution
		{BA999618-3D9F-4123-B3C5-E7088D73AABF} = {3DDCA9BA-37C7-4DBE-A147-D1E62F6D1C0F}
		{D208CD22-F462-4E47-B41B-FA6C6044CD79} = {3DDCA9BA-37C7-4DBE-A147-D1E62F6D1C0F}
		{71667551-DC89-4E91-B409-EC47AE10CC12} = {6A76308F-6CBA-403E-AA3D-C270E9534D73}
		{32D6738A-8A13-4A26-A4EE-F5E91E768323} = {3DDCA9BA-37C7-4DBE-A147-D1E62F6D1C0F}
		{AD2A46C4-A29A-4DD8-827F-F11112100ECA} = {72449F45-9377-4672-B28D-2914FDFFF03A}
		{916530E9-CCC4-4AF6-8C0B-1CC0B6DEDC8A} = {72449F45-9377-4672-B28D-2914FDFFF03A}
		{31C15DD3-5267-4798-860E-E64B363EAB55} = {72449F45-9377-4672-B28D-2914FDFFF03A}
		{8CD23F6F-29DB-452F-9AB0-6B598A511954} = {4B149A97-B42F-45BB-A714-68F6B9D4941F}
		{F662A1DB-0E9A-4B22-BC1F-F063212740A3} = {4B149A97-B42F-45BB-A714-68F6B9D4941F}
		{12FE36A6-6528-42EB-ACDC-79DE50429D03} = {4B149A97-B42F-45BB-A714-68F6B9D4941F}
		{296755EB-8208-4E5F-9C85-E28C0A7B6598} = {64A7DBF3-1BD6-4E2B-9256-4CFE7676DE72}
		{F74BBE37-C32A-43D3-B01B-712807A23C6C} = {64A7DBF3-1BD6-4E2B-9256-4CFE7676DE72}
		{EF4A743A-77B1-4868-9E67-A66622A8D728} = {64A7DBF3-1BD6-4E2B-9256-4CFE7676DE72}
	EndGlobalSection
	GlobalSection(ExtensibilityGlobals) = postSolution
		SolutionGuid = {2F2B850E-EA4A-4A0F-8781-14A0C3FD51D1}
	EndGlobalSection
EndGlobal
